Microsoft Visual Studio Solution File, Format Version 9.00
# Visual Studio 2005
Project("{8BC9CEB8-8B4A-11D0-8D11-00A0C91BC942}") = "wxMusik", "wxMusik.vcproj", "{C4650E41-AD5A-41D8-89D8-3ED472E4D10F}"
	ProjectSection(ProjectDependencies) = postProject
		{4C5362CD-0BF2-4B3B-971B-8293EB1A1DC3} = {4C5362CD-0BF2-4B3B-971B-8293EB1A1DC3}
		{6F6CBA32-41A4-4E34-84AA-BE0C2B76A0BB} = {6F6CBA32-41A4-4E34-84AA-BE0C2B76A0BB}
		{2403AC39-77C9-4D42-A563-AA225B9CBED4} = {2403AC39-77C9-4D42-A563-AA225B9CBED4}
		{B91E6845-EE0F-4083-A255-6089CB87D13D} = {B91E6845-EE0F-4083-A255-6089CB87D13D}
		{F470BB4A-7675-4D6A-B310-41F33AC6F987} = {F470BB4A-7675-4D6A-B310-41F33AC6F987}
		{D4F03351-EB2E-4BBE-9193-2E1E8FB17B79} = {D4F03351-EB2E-4BBE-9193-2E1E8FB17B79}
		{88E53656-AA26-4B51-9719-9F025BA1A02F} = {88E53656-AA26-4B51-9719-9F025BA1A02F}
		{68CBA667-F4CB-4771-9AA2-821F22CA8BF2} = {68CBA667-F4CB-4771-9AA2-821F22CA8BF2}
		{2477BD73-12EC-4466-9061-8B71F28D6343} = {2477BD73-12EC-4466-9061-8B71F28D6343}
		{C372ABA2-E90B-459B-B5B2-A9A181DFE807} = {C372ABA2-E90B-459B-B5B2-A9A181DFE807}
		{5EFCFACB-1835-422C-ACDA-E3B3A2F51387} = {5EFCFACB-1835-422C-ACDA-E3B3A2F51387}
		{48D3E3D1-924B-4C8B-A22A-3BEDFE3521E2} = {48D3E3D1-924B-4C8B-A22A-3BEDFE3521E2}
		{B07504EC-F135-4BC3-A5AF-43EBCE64C6F9} = {B07504EC-F135-4BC3-A5AF-43EBCE64C6F9}
		{3F2AF4F0-807B-4209-AC26-BDB81652AE8D} = {3F2AF4F0-807B-4209-AC26-BDB81652AE8D}
		{36A39AF9-ACEB-4A9B-BFE7-4745BD60D67C} = {36A39AF9-ACEB-4A9B-BFE7-4745BD60D67C}
		{8A581DFC-55C0-42B7-8D8E-D3991B04363B} = {8A581DFC-55C0-42B7-8D8E-D3991B04363B}
		{0A29943E-A829-4861-B7C7-58498B058615} = {0A29943E-A829-4861-B7C7-58498B058615}
		{BE656F15-A5C3-4472-9E7A-9CB970974395} = {BE656F15-A5C3-4472-9E7A-9CB970974395}
	EndProjectSection
EndProject
Project("{8BC9CEB8-8B4A-11D0-8D11-00A0C91BC942}") = "MMShellHook", "MMShellHook\MMShellHook.vcproj", "{C372ABA2-E90B-459B-B5B2-A9A181DFE807}"
EndProject
Project("{8BC9CEB8-8B4A-11D0-8D11-00A0C91BC942}") = "MUSIKEngine", "MUSIKEngine\MUSIKEngine\MUSIKEngine.vcproj", "{2477BD73-12EC-4466-9061-8B71F28D6343}"
EndProject
Project("{8BC9CEB8-8B4A-11D0-8D11-00A0C91BC942}") = "taglib", "3rd-Party\taglib\taglib.vcproj", "{68CBA667-F4CB-4771-9AA2-821F22CA8BF2}"
	ProjectSection(ProjectDependencies) = postProject
		{8A581DFC-55C0-42B7-8D8E-D3991B04363B} = {8A581DFC-55C0-42B7-8D8E-D3991B04363B}
	EndProjectSection
EndProject
Project("{8BC9CEB8-8B4A-11D0-8D11-00A0C91BC942}") = "FMODEngine", "MUSIKEngine\FMODEngine\FMODEngine.vcproj", "{B91E6845-EE0F-4083-A255-6089CB87D13D}"
EndProject
Project("{8BC9CEB8-8B4A-11D0-8D11-00A0C91BC942}") = "sqlite3", "3rd-Party\sqlite3\sqlite3.vcproj", "{2403AC39-77C9-4D42-A563-AA225B9CBED4}"
EndProject
Project("{8BC9CEB8-8B4A-11D0-8D11-00A0C91BC942}") = "shibatch", "3rd-Party\shibatch\shibatch.vcproj", "{6F6CBA32-41A4-4E34-84AA-BE0C2B76A0BB}"
EndProject
Project("{8BC9CEB8-8B4A-11D0-8D11-00A0C91BC942}") = "MACLib", "MUSIKEngine\3rd-Party\MAC\MACLib\MACLib.vcproj", "{36A39AF9-ACEB-4A9B-BFE7-4745BD60D67C}"
EndProject
Project("{8BC9CEB8-8B4A-11D0-8D11-00A0C91BC942}") = "sqlite2", "3rd-Party\sqlite2\sqlite2.vcproj", "{D4F03351-EB2E-4BBE-9193-2E1E8FB17B79}"
EndProject
Project("{8BC9CEB8-8B4A-11D0-8D11-00A0C91BC942}") = "grabbag_static", "MUSIKEngine\3rd-Party\grabbag\grabbag_static.vcproj", "{48D3E3D1-924B-4C8B-A22A-3BEDFE3521E2}"
EndProject
Project("{8BC9CEB8-8B4A-11D0-8D11-00A0C91BC942}") = "plugin_common_static", "MUSIKEngine\3rd-Party\plugin_common\plugin_common_static.vcproj", "{B07504EC-F135-4BC3-A5AF-43EBCE64C6F9}"
EndProject
Project("{8BC9CEB8-8B4A-11D0-8D11-00A0C91BC942}") = "libFLAC_static", "MUSIKEngine\3rd-Party\libFLAC\libFLAC_static.vcproj", "{88E53656-AA26-4B51-9719-9F025BA1A02F}"
EndProject
Project("{8BC9CEB8-8B4A-11D0-8D11-00A0C91BC942}") = "replaygain_synthesis_static", "MUSIKEngine\3rd-Party\replaygain_synthesis\replaygain_synthesis_static.vcproj", "{3F2AF4F0-807B-4209-AC26-BDB81652AE8D}"
EndProject
Project("{8BC9CEB8-8B4A-11D0-8D11-00A0C91BC942}") = "replaygain_analysis_static", "MUSIKEngine\3rd-Party\replaygain_analysis\replaygain_analysis_static.vcproj", "{BE656F15-A5C3-4472-9E7A-9CB970974395}"
EndProject
Project("{8BC9CEB8-8B4A-11D0-8D11-00A0C91BC942}") = "mp4ff", "MUSIKEngine\3rd-Party\faad2\common\mp4ff\mp4ff.vcproj", "{F470BB4A-7675-4D6A-B310-41F33AC6F987}"
EndProject
Project("{8BC9CEB8-8B4A-11D0-8D11-00A0C91BC942}") = "libfaad", "MUSIKEngine\3rd-Party\faad2\libfaad\libfaad.vcproj", "{5EFCFACB-1835-422C-ACDA-E3B3A2F51387}"
EndProject
Project("{8BC9CEB8-8B4A-11D0-8D11-00A0C91BC942}") = "libmp4v2_st", "3rd-Party\libmp4v2\libmp4v2_st60.vcproj", "{8A581DFC-55C0-42B7-8D8E-D3991B04363B}"
EndProject
Project("{8BC9CEB8-8B4A-11D0-8D11-00A0C91BC942}") = "FMODExEngine", "MUSIKEngine\FMODExEngine\FMODExEngine.vcproj", "{0A29943E-A829-4861-B7C7-58498B058615}"
EndProject
Project("{8BC9CEB8-8B4A-11D0-8D11-00A0C91BC942}") = "libmpcdec", "MUSIKEngine\3rd-Party\libmpcdec\win32\libmpcdec.vcproj", "{4C5362CD-0BF2-4B3B-971B-8293EB1A1DC3}"
EndProject
Global
	GlobalSection(SolutionConfigurationPlatforms) = preSolution
		Debug Unicode|Win32 = Debug Unicode|Win32
		Debug|Win32 = Debug|Win32
		Release Unicode|Win32 = Release Unicode|Win32
		Release|Win32 = Release|Win32
	EndGlobalSection
	GlobalSection(ProjectConfigurationPlatforms) = postSolution
		{C4650E41-AD5A-41D8-89D8-3ED472E4D10F}.Debug Unicode|Win32.ActiveCfg = Debug Unicode|Win32
		{C4650E41-AD5A-41D8-89D8-3ED472E4D10F}.Debug Unicode|Win32.Build.0 = Debug Unicode|Win32
		{C4650E41-AD5A-41D8-89D8-3ED472E4D10F}.Debug|Win32.ActiveCfg = Debug|Win32
		{C4650E41-AD5A-41D8-89D8-3ED472E4D10F}.Debug|Win32.Build.0 = Debug|Win32
		{C4650E41-AD5A-41D8-89D8-3ED472E4D10F}.Release Unicode|Win32.ActiveCfg = Release Unicode|Win32
		{C4650E41-AD5A-41D8-89D8-3ED472E4D10F}.Release Unicode|Win32.Build.0 = Release Unicode|Win32
		{C4650E41-AD5A-41D8-89D8-3ED472E4D10F}.Release|Win32.ActiveCfg = Release|Win32
		{C4650E41-AD5A-41D8-89D8-3ED472E4D10F}.Release|Win32.Build.0 = Release|Win32
		{C372ABA2-E90B-459B-B5B2-A9A181DFE807}.Debug Unicode|Win32.ActiveCfg = Debug Unicode|Win32
		{C372ABA2-E90B-459B-B5B2-A9A181DFE807}.Debug Unicode|Win32.Build.0 = Debug Unicode|Win32
		{C372ABA2-E90B-459B-B5B2-A9A181DFE807}.Debug|Win32.ActiveCfg = Debug|Win32
		{C372ABA2-E90B-459B-B5B2-A9A181DFE807}.Debug|Win32.Build.0 = Debug|Win32
		{C372ABA2-E90B-459B-B5B2-A9A181DFE807}.Release Unicode|Win32.ActiveCfg = Release Unicode|Win32
		{C372ABA2-E90B-459B-B5B2-A9A181DFE807}.Release Unicode|Win32.Build.0 = Release Unicode|Win32
		{C372ABA2-E90B-459B-B5B2-A9A181DFE807}.Release|Win32.ActiveCfg = Release|Win32
		{C372ABA2-E90B-459B-B5B2-A9A181DFE807}.Release|Win32.Build.0 = Release|Win32
		{2477BD73-12EC-4466-9061-8B71F28D6343}.Debug Unicode|Win32.ActiveCfg = Debug|Win32
		{2477BD73-12EC-4466-9061-8B71F28D6343}.Debug Unicode|Win32.Build.0 = Debug|Win32
		{2477BD73-12EC-4466-9061-8B71F28D6343}.Debug|Win32.ActiveCfg = Debug|Win32
		{2477BD73-12EC-4466-9061-8B71F28D6343}.Debug|Win32.Build.0 = Debug|Win32
		{2477BD73-12EC-4466-9061-8B71F28D6343}.Release Unicode|Win32.ActiveCfg = Release|Win32
		{2477BD73-12EC-4466-9061-8B71F28D6343}.Release Unicode|Win32.Build.0 = Release|Win32
		{2477BD73-12EC-4466-9061-8B71F28D6343}.Release|Win32.ActiveCfg = Release|Win32
		{2477BD73-12EC-4466-9061-8B71F28D6343}.Release|Win32.Build.0 = Release|Win32
		{68CBA667-F4CB-4771-9AA2-821F22CA8BF2}.Debug Unicode|Win32.ActiveCfg = Debug Unicode|Win32
		{68CBA667-F4CB-4771-9AA2-821F22CA8BF2}.Debug Unicode|Win32.Build.0 = Debug Unicode|Win32
		{68CBA667-F4CB-4771-9AA2-821F22CA8BF2}.Debug|Win32.ActiveCfg = Debug|Win32
		{68CBA667-F4CB-4771-9AA2-821F22CA8BF2}.Debug|Win32.Build.0 = Debug|Win32
		{68CBA667-F4CB-4771-9AA2-821F22CA8BF2}.Release Unicode|Win32.ActiveCfg = Release Unicode|Win32
		{68CBA667-F4CB-4771-9AA2-821F22CA8BF2}.Release Unicode|Win32.Build.0 = Release Unicode|Win32
		{68CBA667-F4CB-4771-9AA2-821F22CA8BF2}.Release|Win32.ActiveCfg = Release|Win32
		{68CBA667-F4CB-4771-9AA2-821F22CA8BF2}.Release|Win32.Build.0 = Release|Win32
		{B91E6845-EE0F-4083-A255-6089CB87D13D}.Debug Unicode|Win32.ActiveCfg = Debug|Win32
		{B91E6845-EE0F-4083-A255-6089CB87D13D}.Debug Unicode|Win32.Build.0 = Debug|Win32
		{B91E6845-EE0F-4083-A255-6089CB87D13D}.Debug|Win32.ActiveCfg = Debug|Win32
		{B91E6845-EE0F-4083-A255-6089CB87D13D}.Debug|Win32.Build.0 = Debug|Win32
		{B91E6845-EE0F-4083-A255-6089CB87D13D}.Release Unicode|Win32.ActiveCfg = Release|Win32
		{B91E6845-EE0F-4083-A255-6089CB87D13D}.Release Unicode|Win32.Build.0 = Release|Win32
		{B91E6845-EE0F-4083-A255-6089CB87D13D}.Release|Win32.ActiveCfg = Release|Win32
		{B91E6845-EE0F-4083-A255-6089CB87D13D}.Release|Win32.Build.0 = Release|Win32
		{2403AC39-77C9-4D42-A563-AA225B9CBED4}.Debug Unicode|Win32.ActiveCfg = Debug|Win32
		{2403AC39-77C9-4D42-A563-AA225B9CBED4}.Debug Unicode|Win32.Build.0 = Debug|Win32
		{2403AC39-77C9-4D42-A563-AA225B9CBED4}.Debug|Win32.ActiveCfg = Debug|Win32
		{2403AC39-77C9-4D42-A563-AA225B9CBED4}.Debug|Win32.Build.0 = Debug|Win32
		{2403AC39-77C9-4D42-A563-AA225B9CBED4}.Release Unicode|Win32.ActiveCfg = Release|Win32
		{2403AC39-77C9-4D42-A563-AA225B9CBED4}.Release Unicode|Win32.Build.0 = Release|Win32
		{2403AC39-77C9-4D42-A563-AA225B9CBED4}.Release|Win32.ActiveCfg = Release|Win32
		{2403AC39-77C9-4D42-A563-AA225B9CBED4}.Release|Win32.Build.0 = Release|Win32
		{6F6CBA32-41A4-4E34-84AA-BE0C2B76A0BB}.Debug Unicode|Win32.ActiveCfg = Debug|Win32
		{6F6CBA32-41A4-4E34-84AA-BE0C2B76A0BB}.Debug Unicode|Win32.Build.0 = Debug|Win32
		{6F6CBA32-41A4-4E34-84AA-BE0C2B76A0BB}.Debug|Win32.ActiveCfg = Debug|Win32
		{6F6CBA32-41A4-4E34-84AA-BE0C2B76A0BB}.Debug|Win32.Build.0 = Debug|Win32
		{6F6CBA32-41A4-4E34-84AA-BE0C2B76A0BB}.Release Unicode|Win32.ActiveCfg = Release|Win32
		{6F6CBA32-41A4-4E34-84AA-BE0C2B76A0BB}.Release Unicode|Win32.Build.0 = Release|Win32
		{6F6CBA32-41A4-4E34-84AA-BE0C2B76A0BB}.Release|Win32.ActiveCfg = Release|Win32
		{6F6CBA32-41A4-4E34-84AA-BE0C2B76A0BB}.Release|Win32.Build.0 = Release|Win32
		{36A39AF9-ACEB-4A9B-BFE7-4745BD60D67C}.Debug Unicode|Win32.ActiveCfg = Debug Unicode|Win32
		{36A39AF9-ACEB-4A9B-BFE7-4745BD60D67C}.Debug Unicode|Win32.Build.0 = Debug Unicode|Win32
		{36A39AF9-ACEB-4A9B-BFE7-4745BD60D67C}.Debug|Win32.ActiveCfg = Debug|Win32
		{36A39AF9-ACEB-4A9B-BFE7-4745BD60D67C}.Debug|Win32.Build.0 = Debug|Win32
		{36A39AF9-ACEB-4A9B-BFE7-4745BD60D67C}.Release Unicode|Win32.ActiveCfg = Release Unicode|Win32
		{36A39AF9-ACEB-4A9B-BFE7-4745BD60D67C}.Release Unicode|Win32.Build.0 = Release Unicode|Win32
		{36A39AF9-ACEB-4A9B-BFE7-4745BD60D67C}.Release|Win32.ActiveCfg = Release|Win32
		{36A39AF9-ACEB-4A9B-BFE7-4745BD60D67C}.Release|Win32.Build.0 = Release|Win32
		{D4F03351-EB2E-4BBE-9193-2E1E8FB17B79}.Debug Unicode|Win32.ActiveCfg = Debug|Win32
		{D4F03351-EB2E-4BBE-9193-2E1E8FB17B79}.Debug Unicode|Win32.Build.0 = Debug|Win32
		{D4F03351-EB2E-4BBE-9193-2E1E8FB17B79}.Debug|Win32.ActiveCfg = Debug|Win32
		{D4F03351-EB2E-4BBE-9193-2E1E8FB17B79}.Debug|Win32.Build.0 = Debug|Win32
		{D4F03351-EB2E-4BBE-9193-2E1E8FB17B79}.Release Unicode|Win32.ActiveCfg = Release|Win32
		{D4F03351-EB2E-4BBE-9193-2E1E8FB17B79}.Release Unicode|Win32.Build.0 = Release|Win32
		{D4F03351-EB2E-4BBE-9193-2E1E8FB17B79}.Release|Win32.ActiveCfg = Release|Win32
		{D4F03351-EB2E-4BBE-9193-2E1E8FB17B79}.Release|Win32.Build.0 = Release|Win32
		{48D3E3D1-924B-4C8B-A22A-3BEDFE3521E2}.Debug Unicode|Win32.ActiveCfg = Debug|Win32
		{48D3E3D1-924B-4C8B-A22A-3BEDFE3521E2}.Debug Unicode|Win32.Build.0 = Debug|Win32
		{48D3E3D1-924B-4C8B-A22A-3BEDFE3521E2}.Debug|Win32.ActiveCfg = Debug|Win32
		{48D3E3D1-924B-4C8B-A22A-3BEDFE3521E2}.Debug|Win32.Build.0 = Debug|Win32
		{48D3E3D1-924B-4C8B-A22A-3BEDFE3521E2}.Release Unicode|Win32.ActiveCfg = Release|Win32
		{48D3E3D1-924B-4C8B-A22A-3BEDFE3521E2}.Release Unicode|Win32.Build.0 = Release|Win32
		{48D3E3D1-924B-4C8B-A22A-3BEDFE3521E2}.Release|Win32.ActiveCfg = Release|Win32
		{48D3E3D1-924B-4C8B-A22A-3BEDFE3521E2}.Release|Win32.Build.0 = Release|Win32
		{B07504EC-F135-4BC3-A5AF-43EBCE64C6F9}.Debug Unicode|Win32.ActiveCfg = Debug|Win32
		{B07504EC-F135-4BC3-A5AF-43EBCE64C6F9}.Debug Unicode|Win32.Build.0 = Debug|Win32
		{B07504EC-F135-4BC3-A5AF-43EBCE64C6F9}.Debug|Win32.ActiveCfg = Debug|Win32
		{B07504EC-F135-4BC3-A5AF-43EBCE64C6F9}.Debug|Win32.Build.0 = Debug|Win32
		{B07504EC-F135-4BC3-A5AF-43EBCE64C6F9}.Release Unicode|Win32.ActiveCfg = Release|Win32
		{B07504EC-F135-4BC3-A5AF-43EBCE64C6F9}.Release Unicode|Win32.Build.0 = Release|Win32
		{B07504EC-F135-4BC3-A5AF-43EBCE64C6F9}.Release|Win32.ActiveCfg = Release|Win32
		{B07504EC-F135-4BC3-A5AF-43EBCE64C6F9}.Release|Win32.Build.0 = Release|Win32
		{88E53656-AA26-4B51-9719-9F025BA1A02F}.Debug Unicode|Win32.ActiveCfg = Debug|Win32
		{88E53656-AA26-4B51-9719-9F025BA1A02F}.Debug Unicode|Win32.Build.0 = Debug|Win32
		{88E53656-AA26-4B51-9719-9F025BA1A02F}.Debug|Win32.ActiveCfg = Debug|Win32
		{88E53656-AA26-4B51-9719-9F025BA1A02F}.Debug|Win32.Build.0 = Debug|Win32
		{88E53656-AA26-4B51-9719-9F025BA1A02F}.Release Unicode|Win32.ActiveCfg = Release|Win32
		{88E53656-AA26-4B51-9719-9F025BA1A02F}.Release Unicode|Win32.Build.0 = Release|Win32
		{88E53656-AA26-4B51-9719-9F025BA1A02F}.Release|Win32.ActiveCfg = Release|Win32
		{88E53656-AA26-4B51-9719-9F025BA1A02F}.Release|Win32.Build.0 = Release|Win32
		{3F2AF4F0-807B-4209-AC26-BDB81652AE8D}.Debug Unicode|Win32.ActiveCfg = Debug|Win32
		{3F2AF4F0-807B-4209-AC26-BDB81652AE8D}.Debug Unicode|Win32.Build.0 = Debug|Win32
		{3F2AF4F0-807B-4209-AC26-BDB81652AE8D}.Debug|Win32.ActiveCfg = Debug|Win32
		{3F2AF4F0-807B-4209-AC26-BDB81652AE8D}.Debug|Win32.Build.0 = Debug|Win32
		{3F2AF4F0-807B-4209-AC26-BDB81652AE8D}.Release Unicode|Win32.ActiveCfg = Release|Win32
		{3F2AF4F0-807B-4209-AC26-BDB81652AE8D}.Release Unicode|Win32.Build.0 = Release|Win32
		{3F2AF4F0-807B-4209-AC26-BDB81652AE8D}.Release|Win32.ActiveCfg = Release|Win32
		{3F2AF4F0-807B-4209-AC26-BDB81652AE8D}.Release|Win32.Build.0 = Release|Win32
		{BE656F15-A5C3-4472-9E7A-9CB970974395}.Debug Unicode|Win32.ActiveCfg = Debug|Win32
		{BE656F15-A5C3-4472-9E7A-9CB970974395}.Debug Unicode|Win32.Build.0 = Debug|Win32
		{BE656F15-A5C3-4472-9E7A-9CB970974395}.Debug|Win32.ActiveCfg = Debug|Win32
		{BE656F15-A5C3-4472-9E7A-9CB970974395}.Debug|Win32.Build.0 = Debug|Win32
		{BE656F15-A5C3-4472-9E7A-9CB970974395}.Release Unicode|Win32.ActiveCfg = Release|Win32
		{BE656F15-A5C3-4472-9E7A-9CB970974395}.Release Unicode|Win32.Build.0 = Release|Win32
		{BE656F15-A5C3-4472-9E7A-9CB970974395}.Release|Win32.ActiveCfg = Release|Win32
		{BE656F15-A5C3-4472-9E7A-9CB970974395}.Release|Win32.Build.0 = Release|Win32
		{F470BB4A-7675-4D6A-B310-41F33AC6F987}.Debug Unicode|Win32.ActiveCfg = Debug|Win32
		{F470BB4A-7675-4D6A-B310-41F33AC6F987}.Debug Unicode|Win32.Build.0 = Debug|Win32
		{F470BB4A-7675-4D6A-B310-41F33AC6F987}.Debug|Win32.ActiveCfg = Debug|Win32
		{F470BB4A-7675-4D6A-B310-41F33AC6F987}.Debug|Win32.Build.0 = Debug|Win32
		{F470BB4A-7675-4D6A-B310-41F33AC6F987}.Release Unicode|Win32.ActiveCfg = Release|Win32
		{F470BB4A-7675-4D6A-B310-41F33AC6F987}.Release Unicode|Win32.Build.0 = Release|Win32
		{F470BB4A-7675-4D6A-B310-41F33AC6F987}.Release|Win32.ActiveCfg = Release|Win32
		{F470BB4A-7675-4D6A-B310-41F33AC6F987}.Release|Win32.Build.0 = Release|Win32
		{5EFCFACB-1835-422C-ACDA-E3B3A2F51387}.Debug Unicode|Win32.ActiveCfg = Debug|Win32
		{5EFCFACB-1835-422C-ACDA-E3B3A2F51387}.Debug Unicode|Win32.Build.0 = Debug|Win32
		{5EFCFACB-1835-422C-ACDA-E3B3A2F51387}.Debug|Win32.ActiveCfg = Debug|Win32
		{5EFCFACB-1835-422C-ACDA-E3B3A2F51387}.Debug|Win32.Build.0 = Debug|Win32
		{5EFCFACB-1835-422C-ACDA-E3B3A2F51387}.Release Unicode|Win32.ActiveCfg = Release|Win32
		{5EFCFACB-1835-422C-ACDA-E3B3A2F51387}.Release Unicode|Win32.Build.0 = Release|Win32
		{5EFCFACB-1835-422C-ACDA-E3B3A2F51387}.Release|Win32.ActiveCfg = Release|Win32
		{5EFCFACB-1835-422C-ACDA-E3B3A2F51387}.Release|Win32.Build.0 = Release|Win32
		{8A581DFC-55C0-42B7-8D8E-D3991B04363B}.Debug Unicode|Win32.ActiveCfg = Debug|Win32
		{8A581DFC-55C0-42B7-8D8E-D3991B04363B}.Debug Unicode|Win32.Build.0 = Debug|Win32
		{8A581DFC-55C0-42B7-8D8E-D3991B04363B}.Debug|Win32.ActiveCfg = Debug|Win32
		{8A581DFC-55C0-42B7-8D8E-D3991B04363B}.Debug|Win32.Build.0 = Debug|Win32
		{8A581DFC-55C0-42B7-8D8E-D3991B04363B}.Release Unicode|Win32.ActiveCfg = Release|Win32
		{8A581DFC-55C0-42B7-8D8E-D3991B04363B}.Release Unicode|Win32.Build.0 = Release|Win32
		{8A581DFC-55C0-42B7-8D8E-D3991B04363B}.Release|Win32.ActiveCfg = Release|Win32
		{8A581DFC-55C0-42B7-8D8E-D3991B04363B}.Release|Win32.Build.0 = Release|Win32
		{0A29943E-A829-4861-B7C7-58498B058615}.Debug Unicode|Win32.ActiveCfg = Debug|Win32
		{0A29943E-A829-4861-B7C7-58498B058615}.Debug Unicode|Win32.Build.0 = Debug|Win32
		{0A29943E-A829-4861-B7C7-58498B058615}.Debug|Win32.ActiveCfg = Debug|Win32
		{0A29943E-A829-4861-B7C7-58498B058615}.Debug|Win32.Build.0 = Debug|Win32
		{0A29943E-A829-4861-B7C7-58498B058615}.Release Unicode|Win32.ActiveCfg = Release|Win32
		{0A29943E-A829-4861-B7C7-58498B058615}.Release Unicode|Win32.Build.0 = Release|Win32
		{0A29943E-A829-4861-B7C7-58498B058615}.Release|Win32.ActiveCfg = Release|Win32
		{0A29943E-A829-4861-B7C7-58498B058615}.Release|Win32.Build.0 = Release|Win32
		{4C5362CD-0BF2-4B3B-971B-8293EB1A1DC3}.Debug Unicode|Win32.ActiveCfg = Debug|Win32
		{4C5362CD-0BF2-4B3B-971B-8293EB1A1DC3}.Debug Unicode|Win32.Build.0 = Debug|Win32
		{4C5362CD-0BF2-4B3B-971B-8293EB1A1DC3}.Debug|Win32.ActiveCfg = Debug|Win32
		{4C5362CD-0BF2-4B3B-971B-8293EB1A1DC3}.Debug|Win32.Build.0 = Debug|Win32
		{4C5362CD-0BF2-4B3B-971B-8293EB1A1DC3}.Release Unicode|Win32.ActiveCfg = Release|Win32
		{4C5362CD-0BF2-4B3B-971B-8293EB1A1DC3}.Release Unicode|Win32.Build.0 = Release|Win32
		{4C5362CD-0BF2-4B3B-971B-8293EB1A1DC3}.Release|Win32.ActiveCfg = Release|Win32
		{4C5362CD-0BF2-4B3B-971B-8293EB1A1DC3}.Release|Win32.Build.0 = Release|Win32
	EndGlobalSection
	GlobalSection(SolutionProperties) = preSolution
		HideSolutionNode = FALSE
	EndGlobalSection
EndGlobal
